<?xml version="1.0" encoding="utf-8"?>
<Project ToolsVersion="4.0" xmlns="http://schemas.microsoft.com/developer/msbuild/2003">
  <ItemGroup>
    <Filter Include="Source Files">
      <UniqueIdentifier>{05aa7500-f87f-451b-a65b-4ddfb4436925}</UniqueIdentifier>
      <Extensions>cpp;c;cxx;rc;def;r;odl;idl;hpj;bat</Extensions>
    </Filter>
    <Filter Include="Header Files">
      <UniqueIdentifier>{96b70148-7e88-4774-957c-6d511c3602ec}</UniqueIdentifier>
      <Extensions>h;hpp;hxx;hm;inl</Extensions>
    </Filter>
  </ItemGroup>
  <ItemGroup>
    <ClCompile Include="..\game\shared\choreoactor.cpp">
      <Filter>Source Files</Filter>
    </ClCompile>
    <ClCompile Include="..\game\shared\choreochannel.cpp">
      <Filter>Source Files</Filter>
    </ClCompile>
    <ClCompile Include="..\game\shared\choreoevent.cpp">
      <Filter>Source Files</Filter>
    </ClCompile>
    <ClCompile Include="..\game\shared\choreoscene.cpp">
      <Filter>Source Files</Filter>
    </ClCompile>
    <ClCompile Include="..\game\shared\sceneimage.cpp">
      <Filter>Source Files</Filter>
    </ClCompile>
  </ItemGroup>
  <ItemGroup>
    <ClInclude Include="..\game\shared\choreoactor.h">
      <Filter>Header Files</Filter>
    </ClInclude>
    <ClInclude Include="..\game\shared\choreochannel.h">
      <Filter>Header Files</Filter>
    </ClInclude>
    <ClInclude Include="..\game\shared\choreoevent.h">
      <Filter>Header Files</Filter>
    </ClInclude>
    <ClInclude Include="..\game\shared\choreoscene.h">
      <Filter>Header Files</Filter>
    </ClInclude>
    <ClInclude Include="..\game\shared\sceneimage.h">
      <Filter>Header Files</Filter>
    </ClInclude>
  </ItemGroup>
</Project>